
Microsoft Visual Studio Solution File, Format Version 12.00
# Visual Studio Version 17
VisualStudioVersion = 17.10.35013.160
MinimumVisualStudioVersion = 10.0.40219.1
Project("{FAE04EC0-301F-11D3-BF4B-00C04F79EFBC}") = "BAITTAPBE_01", "BAITTAPBE_01\BAITTAPBE_01.csproj", "{2C49D88C-33EE-463B-846C-50C9D79B2650}"
EndProject
Global
	GlobalSection(SolutionConfigurationPlatforms) = preSolution
		Debug|Any CPU = Debug|Any CPU
		Release|Any CPU = Release|Any CPU
	EndGlobalSection
	GlobalSection(ProjectConfigurationPlatforms) = postSolution
		{2C49D88C-33EE-463B-846C-50C9D79B2650}.Debug|Any CPU.ActiveCfg = Debug|Any CPU
		{2C49D88C-33EE-463B-846C-50C9D79B2650}.Debug|Any CPU.Build.0 = Debug|Any CPU
		{2C49D88C-33EE-463B-846C-50C9D79B2650}.Release|Any CPU.ActiveCfg = Release|Any CPU
		{2C49D88C-33EE-463B-846C-50C9D79B2650}.Release|Any CPU.Build.0 = Release|Any CPU
	EndGlobalSection
	GlobalSection(SolutionProperties) = preSolution
		HideSolutionNode = FALSE
	EndGlobalSection
	GlobalSection(ExtensibilityGlobals) = postSolution
		SolutionGuid = {572EB6DC-C269-4243-8492-2FB2D18C2602}
	EndGlobalSection
EndGlobal
